// !$*UTF8*$!
{
	archiveVersion = 1;
	classes = {
	};
	objectVersion = 50;
	objects = {

/* Begin PBXBuildFile section */
		80048777208E7EE300655B98 /* AppDelegate.swift in Sources */ = {isa = PBXBuildFile; fileRef = 80048776208E7EE300655B98 /* AppDelegate.swift */; };
		8004877C208E7EE300655B98 /* Main.storyboard in Resources */ = {isa = PBXBuildFile; fileRef = 8004877A208E7EE300655B98 /* Main.storyboard */; };
		8004877E208E7EE400655B98 /* Assets.xcassets in Resources */ = {isa = PBXBuildFile; fileRef = 8004877D208E7EE400655B98 /* Assets.xcassets */; };
		80048781208E7EE400655B98 /* LaunchScreen.storyboard in Resources */ = {isa = PBXBuildFile; fileRef = 8004877F208E7EE400655B98 /* LaunchScreen.storyboard */; };
		800487892093B6D800655B98 /* ViewControllerTwo.swift in Sources */ = {isa = PBXBuildFile; fileRef = 800487882093B6D800655B98 /* ViewControllerTwo.swift */; };
		8004878B2093BDFB00655B98 /* Restaurant.swift in Sources */ = {isa = PBXBuildFile; fileRef = 8004878A2093BDFB00655B98 /* Restaurant.swift */; };
		8004878F209A485900655B98 /* TableViewController.swift in Sources */ = {isa = PBXBuildFile; fileRef = 8004878E209A485900655B98 /* TableViewController.swift */; };
		80048791209A775200655B98 /* ViewController2.swift in Sources */ = {isa = PBXBuildFile; fileRef = 80048790209A775200655B98 /* ViewController2.swift */; };
/* End PBXBuildFile section */

/* Begin PBXFileReference section */
		80048773208E7EE300655B98 /* ProjectThree.app */ = {isa = PBXFileReference; explicitFileType = wrapper.application; includeInIndex = 0; path = ProjectThree.app; sourceTree = BUILT_PRODUCTS_DIR; };
		80048776208E7EE300655B98 /* AppDelegate.swift */ = {isa = PBXFileReference; lastKnownFileType = sourcecode.swift; path = AppDelegate.swift; sourceTree = "<group>"; };
		8004877B208E7EE300655B98 /* Base */ = {isa = PBXFileReference; lastKnownFileType = file.storyboard; name = Base; path = Base.lproj/Main.storyboard; sourceTree = "<group>"; };
		8004877D208E7EE400655B98 /* Assets.xcassets */ = {isa = PBXFileReference; lastKnownFileType = folder.assetcatalog; path = Assets.xcassets; sourceTree = "<group>"; };
		80048780208E7EE400655B98 /* Base */ = {isa = PBXFileReference; lastKnownFileType = file.storyboard; name = Base; path = Base.lproj/LaunchScreen.storyboard; sourceTree = "<group>"; };
		80048782208E7EE400655B98 /* Info.plist */ = {isa = PBXFileReference; lastKnownFileType = text.plist.xml; path = Info.plist; sourceTree = "<group>"; };
		800487882093B6D800655B98 /* ViewControllerTwo.swift */ = {isa = PBXFileReference; lastKnownFileType = sourcecode.swift; path = ViewControllerTwo.swift; sourceTree = "<group>"; };
		8004878A2093BDFB00655B98 /* Restaurant.swift */ = {isa = PBXFileReference; lastKnownFileType = sourcecode.swift; path = Restaurant.swift; sourceTree = "<group>"; };
		8004878E209A485900655B98 /* TableViewController.swift */ = {isa = PBXFileReference; lastKnownFileType = sourcecode.swift; path = TableViewController.swift; sourceTree = "<group>"; };
		80048790209A775200655B98 /* ViewController2.swift */ = {isa = PBXFileReference; lastKnownFileType = sourcecode.swift; path = ViewController2.swift; sourceTree = "<group>"; };
/* End PBXFileReference section */

/* Begin PBXFrameworksBuildPhase section */
		80048770208E7EE300655B98 /* Frameworks */ = {
			isa = PBXFrameworksBuildPhase;
			buildActionMask = 2147483647;
			files = (
			);
			runOnlyForDeploymentPostprocessing = 0;
		};
/* End PBXFrameworksBuildPhase section */

/* Begin PBXGroup section */
		8004876A208E7EE300655B98 = {
			isa = PBXGroup;
			children = (
				8004878A2093BDFB00655B98 /* Restaurant.swift */,
				80048775208E7EE300655B98 /* ProjectThree */,
				80048774208E7EE300655B98 /* Products */,
			);
			sourceTree = "<group>";
		};
		80048774208E7EE300655B98 /* Products */ = {
			isa = PBXGroup;
			children = (
				80048773208E7EE300655B98 /* ProjectThree.app */,
			);
			name = Products;
			sourceTree = "<group>";
		};
		80048775208E7EE300655B98 /* ProjectThree */ = {
			isa = PBXGroup;
			children = (
				80048776208E7EE300655B98 /* AppDelegate.swift */,
				8004877A208E7EE300655B98 /* Main.storyboard */,
				80048790209A775200655B98 /* ViewController2.swift */,
				8004878E209A485900655B98 /* TableViewController.swift */,
				800487882093B6D800655B98 /* ViewControllerTwo.swift */,
				8004877D208E7EE400655B98 /* Assets.xcassets */,
				8004877F208E7EE400655B98 /* LaunchScreen.storyboard */,
				80048782208E7EE400655B98 /* Info.plist */,
			);
			path = ProjectThree;
			sourceTree = "<group>";
		};
/* End PBXGroup section */

/* Begin PBXNativeTarget section */
		80048772208E7EE300655B98 /* ProjectThree */ = {
			isa = PBXNativeTarget;
			buildConfigurationList = 80048785208E7EE400655B98 /* Build configuration list for PBXNativeTarget "ProjectThree" */;
			buildPhases = (
				8004876F208E7EE300655B98 /* Sources */,
				80048770208E7EE300655B98 /* Frameworks */,
				80048771208E7EE300655B98 /* Resources */,
			);
			buildRules = (
			);
			dependencies = (
			);
			name = ProjectThree;
			productName = ProjectThree;
			productReference = 80048773208E7EE300655B98 /* ProjectThree.app */;
			productType = "com.apple.product-type.application";
		};
/* End PBXNativeTarget section */

/* Begin PBXProject section */
		8004876B208E7EE300655B98 /* Project object */ = {
			isa = PBXProject;
			attributes = {
				LastSwiftUpdateCheck = 0930;
				LastUpgradeCheck = 0930;
				ORGANIZATIONNAME = "Carlton Hui";
				TargetAttributes = {
					80048772208E7EE300655B98 = {
						CreatedOnToolsVersion = 9.3;
					};
				};
			};
			buildConfigurationList = 8004876E208E7EE300655B98 /* Build configuration list for PBXProject "ProjectThree" */;
			compatibilityVersion = "Xcode 9.3";
			developmentRegion = en;
			hasScannedForEncodings = 0;
			knownRegions = (
				en,
				Base,
			);
			mainGroup = 8004876A208E7EE300655B98;
			productRefGroup = 80048774208E7EE300655B98 /* Products */;
			projectDirPath = "";
			projectRoot = "";
			targets = (
				80048772208E7EE300655B98 /* ProjectThree */,
			);
		};
/* End PBXProject section */

/* Begin PBXResourcesBuildPhase section */
		80048771208E7EE300655B98 /* Resources */ = {
			isa = PBXResourcesBuildPhase;
			buildActionMask = 2147483647;
			files = (
				80048781208E7EE400655B98 /* LaunchScreen.storyboard in Resources */,
				8004877E208E7EE400655B98 /* Assets.xcassets in Resources */,
				8004877C208E7EE300655B98 /* Main.storyboard in Resources */,
			);
			runOnlyForDeploymentPostprocessing = 0;
		};
/* End PBXResourcesBuildPhase section */

/* Begin PBXSourcesBuildPhase section */
		8004876F208E7EE300655B98 /* Sources */ = {
			isa = PBXSourcesBuildPhase;
			buildActionMask = 2147483647;
			files = (
				80048791209A775200655B98 /* ViewController2.swift in Sources */,
				8004878B2093BDFB00655B98 /* Restaurant.swift in Sources */,
				80048777208E7EE300655B98 /* AppDelegate.swift in Sources */,
				8004878F209A485900655B98 /* TableViewController.swift in Sources */,
				800487892093B6D800655B98 /* ViewControllerTwo.swift in Sources */,
			);
			runOnlyForDeploymentPostprocessing = 0;
		};
/* End PBXSourcesBuildPhase section */

/* Begin PBXVariantGroup section */
		8004877A208E7EE300655B98 /* Main.storyboard */ = {
			isa = PBXVariantGroup;
			children = (
				8004877B208E7EE300655B98 /* Base */,
			);
			name = Main.storyboard;
			sourceTree = "<group>";
		};
		8004877F208E7EE400655B98 /* LaunchScreen.storyboard */ = {
			isa = PBXVariantGroup;
			children = (
				80048780208E7EE400655B98 /* Base */,
			);
			name = LaunchScreen.storyboard;
			sourceTree = "<group>";
		};
/* End PBXVariantGroup section */

/* Begin XCBuildConfiguration section */
		80048783208E7EE400655B98 /* Debug */ = {
			isa = XCBuildConfiguration;
			buildSettings = {
				ALWAYS_SEARCH_USER_PATHS = NO;
				CLANG_ANALYZER_NONNULL = YES;
				CLANG_ANALYZER_NUMBER_OBJECT_CONVERSION = YES_AGGRESSIVE;
				CLANG_CXX_LANGUAGE_STANDARD = "gnu++14";
				CLANG_CXX_LIBRARY = "libc++";
				CLANG_ENABLE_MODULES = YES;
				CLANG_ENABLE_OBJC_ARC = YES;
				CLANG_ENABLE_OBJC_WEAK = YES;
				CLANG_WARN_BLOCK_CAPTURE_AUTORELEASING = YES;
				CLANG_WARN_BOOL_CONVERSION = YES;
				CLANG_WARN_COMMA = YES;
				CLANG_WARN_CONSTANT_CONVERSION = YES;
				CLANG_WARN_DEPRECATED_OBJC_IMPLEMENTATIONS = YES;
				CLANG_WARN_DIRECT_OBJC_ISA_USAGE = YES_ERROR;
				CLANG_WARN_DOCUMENTATION_COMMENTS = YES;
				CLANG_WARN_EMPTY_BODY = YES;
				CLANG_WARN_ENUM_CONVERSION = YES;
				CLANG_WARN_INFINITE_RECURSION = YES;
				CLANG_WARN_INT_CONVERSION = YES;
				CLANG_WARN_NON_LITERAL_NULL_CONVERSION = YES;
				CLANG_WARN_OBJC_IMPLICIT_RETAIN_SELF = YES;
				CLANG_WARN_OBJC_LITERAL_CONVERSION = YES;
				CLANG_WARN_OBJC_ROOT_CLASS = YES_ERROR;
				CLANG_WARN_RANGE_LOOP_ANALYSIS = YES;
				CLANG_WARN_STRICT_PROTOTYPES = YES;
				CLANG_WARN_SUSPICIOUS_MOVE = YES;
				CLANG_WARN_UNGUARDED_AVAILABILITY = YES_AGGRESSIVE;
				CLANG_WARN_UNREACHABLE_CODE = YES;
				CLANG_WARN__DUPLICATE_METHOD_MATCH = YES;
				CODE_SIGN_IDENTITY = "iPhone Developer";
				COPY_PHASE_STRIP = NO;
				DEBUG_INFORMATION_FORMAT = dwarf;
				ENABLE_STRICT_OBJC_MSGSEND = YES;
				ENABLE_TESTABILITY = YES;
				GCC_C_LANGUAGE_STANDARD = gnu11;
				GCC_DYNAMIC_NO_PIC = NO;
				GCC_NO_COMMON_BLOCKS = YES;
				GCC_OPTIMIZATION_LEVEL = 0;
				GCC_PREPROCESSOR_DEFINITIONS = (
					"DEBUG=1",
					"$(inherited)",
				);
				GCC_WARN_64_TO_32_BIT_CONVERSION = YES;
				GCC_WARN_ABOUT_RETURN_TYPE = YES_ERROR;
				GCC_WARN_UNDECLARED_SELECTOR = YES;
				GCC_WARN_UNINITIALIZED_AUTOS = YES_AGGRESSIVE;
				GCC_WARN_UNUSED_FUNCTION = YES;
				GCC_WARN_UNUSED_VARIABLE = YES;
				IPHONEOS_DEPLOYMENT_TARGET = 11.3;
				MTL_ENABLE_DEBUG_INFO = YES;
				ONLY_ACTIVE_ARCH = YES;
				SDKROOT = iphoneos;
				SWIFT_ACTIVE_COMPILATION_CONDITIONS = DEBUG;
				SWIFT_OPTIMIZATION_LEVEL = "-Onone";
			};
			name = Debug;
		};
		80048784208E7EE400655B98 /* Release */ = {
			isa = XCBuildConfiguration;
			buildSettings = {
				ALWAYS_SEARCH_USER_PATHS = NO;
				CLANG_ANALYZER_NONNULL = YES;
				CLANG_ANALYZER_NUMBER_OBJECT_CONVERSION = YES_AGGRESSIVE;
				CLANG_CXX_LANGUAGE_STANDARD = "gnu++14";
				CLANG_CXX_LIBRARY = "libc++";
				CLANG_ENABLE_MODULES = YES;
				CLANG_ENABLE_OBJC_ARC = YES;
				CLANG_ENABLE_OBJC_WEAK = YES;
				CLANG_WARN_BLOCK_CAPTURE_AUTORELEASING = YES;
				CLANG_WARN_BOOL_CONVERSION = YES;
				CLANG_WARN_COMMA = YES;
				CLANG_WARN_CONSTANT_CONVERSION = YES;
				CLANG_WARN_DEPRECATED_OBJC_IMPLEMENTATIONS = YES;
				CLANG_WARN_DIRECT_OBJC_ISA_USAGE = YES_ERROR;
				CLANG_WARN_DOCUMENTATION_COMMENTS = YES;
				CLANG_WARN_EMPTY_BODY = YES;
				CLANG_WARN_ENUM_CONVERSION = YES;
				CLANG_WARN_INFINITE_RECURSION = YES;
				CLANG_WARN_INT_CONVERSION = YES;
				CLANG_WARN_NON_LITERAL_NULL_CONVERSION = YES;
				CLANG_WARN_OBJC_IMPLICIT_RETAIN_SELF = YES;
				CLANG_WARN_OBJC_LITERAL_CONVERSION = YES;
				CLANG_WARN_OBJC_ROOT_CLASS = YES_ERROR;
				CLANG_WARN_RANGE_LOOP_ANALYSIS = YES;
				CLANG_WARN_STRICT_PROTOTYPES = YES;
				CLANG_WARN_SUSPICIOUS_MOVE = YES;
				CLANG_WARN_UNGUARDED_AVAILABILITY = YES_AGGRESSIVE;
				CLANG_WARN_UNREACHABLE_CODE = YES;
				CLANG_WARN__DUPLICATE_METHOD_MATCH = YES;
				CODE_SIGN_IDENTITY = "iPhone Developer";
				COPY_PHASE_STRIP = NO;
				DEBUG_INFORMATION_FORMAT = "dwarf-with-dsym";
				ENABLE_NS_ASSERTIONS = NO;
				ENABLE_STRICT_OBJC_MSGSEND = YES;
				GCC_C_LANGUAGE_STANDARD = gnu11;
				GCC_NO_COMMON_BLOCKS = YES;
				GCC_WARN_64_TO_32_BIT_CONVERSION = YES;
				GCC_WARN_ABOUT_RETURN_TYPE = YES_ERROR;
				GCC_WARN_UNDECLARED_SELECTOR = YES;
				GCC_WARN_UNINITIALIZED_AUTOS = YES_AGGRESSIVE;
				GCC_WARN_UNUSED_FUNCTION = YES;
				GCC_WARN_UNUSED_VARIABLE = YES;
				IPHONEOS_DEPLOYMENT_TARGET = 11.3;
				MTL_ENABLE_DEBUG_INFO = NO;
				SDKROOT = iphoneos;
				SWIFT_COMPILATION_MODE = wholemodule;
				SWIFT_OPTIMIZATION_LEVEL = "-O";
				VALIDATE_PRODUCT = YES;
			};
			name = Release;
		};
		80048786208E7EE400655B98 /* Debug */ = {
			isa = XCBuildConfiguration;
			buildSettings = {
				ASSETCATALOG_COMPILER_APPICON_NAME = AppIcon;
				CODE_SIGN_STYLE = Automatic;
				DEVELOPMENT_TEAM = 9A95B3TYG5;
				INFOPLIST_FILE = ProjectThree/Info.plist;
				LD_RUNPATH_SEARCH_PATHS = (
					"$(inherited)",
					"@executable_path/Frameworks",
				);
				PRODUCT_BUNDLE_IDENTIFIER = UHWO.ProjectThree;
				PRODUCT_NAME = "$(TARGET_NAME)";
				SWIFT_VERSION = 4.0;
				TARGETED_DEVICE_FAMILY = "1,2";
			};
			name = Debug;
		};
		80048787208E7EE400655B98 /* Release */ = {
			isa = XCBuildConfiguration;
			buildSettings = {
				ASSETCATALOG_COMPILER_APPICON_NAME = AppIcon;
				CODE_SIGN_STYLE = Automatic;
				DEVELOPMENT_TEAM = 9A95B3TYG5;
				INFOPLIST_FILE = ProjectThree/Info.plist;
				LD_RUNPATH_SEARCH_PATHS = (
					"$(inherited)",
					"@executable_path/Frameworks",
				);
				PRODUCT_BUNDLE_IDENTIFIER = UHWO.ProjectThree;
				PRODUCT_NAME = "$(TARGET_NAME)";
				SWIFT_VERSION = 4.0;
				TARGETED_DEVICE_FAMILY = "1,2";
			};
			name = Release;
		};
/* End XCBuildConfiguration section */

/* Begin XCConfigurationList section */
		8004876E208E7EE300655B98 /* Build configuration list for PBXProject "ProjectThree" */ = {
			isa = XCConfigurationList;
			buildConfigurations = (
				80048783208E7EE400655B98 /* Debug */,
				80048784208E7EE400655B98 /* Release */,
			);
			defaultConfigurationIsVisible = 0;
			defaultConfigurationName = Release;
		};
		80048785208E7EE400655B98 /* Build configuration list for PBXNativeTarget "ProjectThree" */ = {
			isa = XCConfigurationList;
			buildConfigurations = (
				80048786208E7EE400655B98 /* Debug */,
				80048787208E7EE400655B98 /* Release */,
			);
			defaultConfigurationIsVisible = 0;
			defaultConfigurationName = Release;
		};
/* End XCConfigurationList section */
	};
	rootObject = 8004876B208E7EE300655B98 /* Project object */;
}
